
Microsoft Visual Studio Solution File, Format Version 12.00
# Visual Studio 15
VisualStudioVersion = 15.0.28307.489
MinimumVisualStudioVersion = 10.0.40219.1
Project("{FAE04EC0-301F-11D3-BF4B-00C04F79EFBC}") = "Cw_01", "Cw_01.csproj", "{A198997D-AFEC-4A25-BA92-0CCF3A7ADB5F}"
EndProject
Global
	GlobalSection(SolutionConfigurationPlatforms) = preSolution
		Debug|Any CPU = Debug|Any CPU
		Release|Any CPU = Release|Any CPU
	EndGlobalSection
	GlobalSection(ProjectConfigurationPlatforms) = postSolution
		{A198997D-AFEC-4A25-BA92-0CCF3A7ADB5F}.Debug|Any CPU.ActiveCfg = Debug|Any CPU
		{A198997D-AFEC-4A25-BA92-0CCF3A7ADB5F}.Debug|Any CPU.Build.0 = Debug|Any CPU
		{A198997D-AFEC-4A25-BA92-0CCF3A7ADB5F}.Release|Any CPU.ActiveCfg = Release|Any CPU
		{A198997D-AFEC-4A25-BA92-0CCF3A7ADB5F}.Release|Any CPU.Build.0 = Release|Any CPU
	EndGlobalSection
	GlobalSection(SolutionProperties) = preSolution
		HideSolutionNode = FALSE
	EndGlobalSection
	GlobalSection(ExtensibilityGlobals) = postSolution
		SolutionGuid = {44A1FB88-D64A-462E-84E5-07DA571C781C}
	EndGlobalSection
EndGlobal
