
Microsoft Visual Studio Solution File, Format Version 12.00
# Visual Studio 15
VisualStudioVersion = 15.0.28307.489
MinimumVisualStudioVersion = 10.0.40219.1
Project("{FAE04EC0-301F-11D3-BF4B-00C04F79EFBC}") = "Cw_03", "Cw_03.csproj", "{E0A66656-B0A8-4E8D-83B0-3555E75C2D32}"
EndProject
Global
	GlobalSection(SolutionConfigurationPlatforms) = preSolution
		Debug|Any CPU = Debug|Any CPU
		Release|Any CPU = Release|Any CPU
	EndGlobalSection
	GlobalSection(ProjectConfigurationPlatforms) = postSolution
		{E0A66656-B0A8-4E8D-83B0-3555E75C2D32}.Debug|Any CPU.ActiveCfg = Debug|Any CPU
		{E0A66656-B0A8-4E8D-83B0-3555E75C2D32}.Debug|Any CPU.Build.0 = Debug|Any CPU
		{E0A66656-B0A8-4E8D-83B0-3555E75C2D32}.Release|Any CPU.ActiveCfg = Release|Any CPU
		{E0A66656-B0A8-4E8D-83B0-3555E75C2D32}.Release|Any CPU.Build.0 = Release|Any CPU
	EndGlobalSection
	GlobalSection(SolutionProperties) = preSolution
		HideSolutionNode = FALSE
	EndGlobalSection
	GlobalSection(ExtensibilityGlobals) = postSolution
		SolutionGuid = {3EFEAF56-FB7C-4151-A21C-55A7821FA59B}
	EndGlobalSection
EndGlobal
